
Microsoft Visual Studio Solution File, Format Version 12.00
# Visual Studio Version 17
VisualStudioVersion = 17.2.32616.157
MinimumVisualStudioVersion = 10.0.40219.1
Project("{9A19103F-16F7-4668-BE54-9A1E7A4F7556}") = "Web", "Web\Web.csproj", "{F1754912-CAC1-4ED6-9D41-7C9B624C4683}"
EndProject
Project("{9A19103F-16F7-4668-BE54-9A1E7A4F7556}") = "MongoBase", "DataAccessBase\MongoBase.csproj", "{0E5D6EE9-A167-4162-A0F9-463FB9596BC9}"
EndProject
Project("{9A19103F-16F7-4668-BE54-9A1E7A4F7556}") = "BLL.Course.Service", "Course.Service\BLL.Course.Service.csproj", "{A666FE11-B5D6-4DA7-95EA-38E6F09496F1}"
EndProject
Global
	GlobalSection(SolutionConfigurationPlatforms) = preSolution
		Debug|Any CPU = Debug|Any CPU
		Release|Any CPU = Release|Any CPU
	EndGlobalSection
	GlobalSection(ProjectConfigurationPlatforms) = postSolution
		{F1754912-CAC1-4ED6-9D41-7C9B624C4683}.Debug|Any CPU.ActiveCfg = Debug|Any CPU
		{F1754912-CAC1-4ED6-9D41-7C9B624C4683}.Debug|Any CPU.Build.0 = Debug|Any CPU
		{F1754912-CAC1-4ED6-9D41-7C9B624C4683}.Release|Any CPU.ActiveCfg = Release|Any CPU
		{F1754912-CAC1-4ED6-9D41-7C9B624C4683}.Release|Any CPU.Build.0 = Release|Any CPU
		{0E5D6EE9-A167-4162-A0F9-463FB9596BC9}.Debug|Any CPU.ActiveCfg = Debug|Any CPU
		{0E5D6EE9-A167-4162-A0F9-463FB9596BC9}.Debug|Any CPU.Build.0 = Debug|Any CPU
		{0E5D6EE9-A167-4162-A0F9-463FB9596BC9}.Release|Any CPU.ActiveCfg = Release|Any CPU
		{0E5D6EE9-A167-4162-A0F9-463FB9596BC9}.Release|Any CPU.Build.0 = Release|Any CPU
		{A666FE11-B5D6-4DA7-95EA-38E6F09496F1}.Debug|Any CPU.ActiveCfg = Debug|Any CPU
		{A666FE11-B5D6-4DA7-95EA-38E6F09496F1}.Debug|Any CPU.Build.0 = Debug|Any CPU
		{A666FE11-B5D6-4DA7-95EA-38E6F09496F1}.Release|Any CPU.ActiveCfg = Release|Any CPU
		{A666FE11-B5D6-4DA7-95EA-38E6F09496F1}.Release|Any CPU.Build.0 = Release|Any CPU
	EndGlobalSection
	GlobalSection(SolutionProperties) = preSolution
		HideSolutionNode = FALSE
	EndGlobalSection
	GlobalSection(ExtensibilityGlobals) = postSolution
		SolutionGuid = {8204068E-0BEF-4ECA-8602-8559DD19FD98}
	EndGlobalSection
EndGlobal
